// !$*UTF8*$!
{
	archiveVersion = 1;
	classes = {
	};
	objectVersion = 46;
	objects = {

/* Begin PBXBuildFile section */
		4F282514BDBEC4FA4D168C42 /* Pods_Gradle_iOS.framework in Frameworks */ = {isa = PBXBuildFile; fileRef = D7F4EF1A71071BB5564F27E8 /* Pods_Gradle_iOS.framework */; };
		EB2C3CAB1C2B009F004821AA /* SearchProtocol.swift in Sources */ = {isa = PBXBuildFile; fileRef = EB2C3CAA1C2B009F004821AA /* SearchProtocol.swift */; };
		EB301BB31C29A931000A3C42 /* Project.swift in Sources */ = {isa = PBXBuildFile; fileRef = EB301BB21C29A931000A3C42 /* Project.swift */; };
		EB320E871C289759001F9297 /* SearchService.swift in Sources */ = {isa = PBXBuildFile; fileRef = EB320E861C289759001F9297 /* SearchService.swift */; };
		EB320E8B1C28996A001F9297 /* Alamofire.framework in Frameworks */ = {isa = PBXBuildFile; fileRef = EB320E881C28996A001F9297 /* Alamofire.framework */; };
		EB320E8C1C28996A001F9297 /* AlamofireObjectMapper.framework in Frameworks */ = {isa = PBXBuildFile; fileRef = EB320E891C28996A001F9297 /* AlamofireObjectMapper.framework */; };
		EB320E8D1C28996A001F9297 /* ObjectMapper.framework in Frameworks */ = {isa = PBXBuildFile; fileRef = EB320E8A1C28996A001F9297 /* ObjectMapper.framework */; };
		EB4E9AA31C2F27FB002D5E64 /* AlamofireImage.framework in Frameworks */ = {isa = PBXBuildFile; fileRef = EB4E9AA21C2F27FB002D5E64 /* AlamofireImage.framework */; };
		EB4E9AA51C2F2CB2002D5E64 /* LNRSimpleNotifications.framework in Frameworks */ = {isa = PBXBuildFile; fileRef = EB4E9AA41C2F2CB2002D5E64 /* LNRSimpleNotifications.framework */; };
		EB54574C1C281AC300F436C1 /* StringExtension.swift in Sources */ = {isa = PBXBuildFile; fileRef = EB54574B1C281AC300F436C1 /* StringExtension.swift */; };
		EB9058CC1C2779B70018D327 /* AppDelegate.swift in Sources */ = {isa = PBXBuildFile; fileRef = EB9058CB1C2779B70018D327 /* AppDelegate.swift */; };
		EB9058D31C2779B70018D327 /* Assets.xcassets in Resources */ = {isa = PBXBuildFile; fileRef = EB9058D21C2779B70018D327 /* Assets.xcassets */; };
		EB9058D61C2779B70018D327 /* LaunchScreen.storyboard in Resources */ = {isa = PBXBuildFile; fileRef = EB9058D41C2779B70018D327 /* LaunchScreen.storyboard */; };
		EB9058DE1C27870F0018D327 /* PureLayout.framework in Frameworks */ = {isa = PBXBuildFile; fileRef = EB9058DD1C27870F0018D327 /* PureLayout.framework */; };
		EB9058E11C27943B0018D327 /* UIColorExtension.swift in Sources */ = {isa = PBXBuildFile; fileRef = EB9058E01C27943B0018D327 /* UIColorExtension.swift */; };
		EB9058E41C27A5330018D327 /* Localizable.strings in Resources */ = {isa = PBXBuildFile; fileRef = EB9058E61C27A5330018D327 /* Localizable.strings */; };
		EBBD5B4F1C2AD21100AD9511 /* Bolts.framework in Frameworks */ = {isa = PBXBuildFile; fileRef = EBBD5B4E1C2AD21100AD9511 /* Bolts.framework */; };
		EBBD5B521C2AD39400AD9511 /* SearchInteractor.swift in Sources */ = {isa = PBXBuildFile; fileRef = EBBD5B511C2AD39400AD9511 /* SearchInteractor.swift */; };
		EBDFE27D1C2B201300A61774 /* MainViewController.swift in Sources */ = {isa = PBXBuildFile; fileRef = EB9058CD1C2779B70018D327 /* MainViewController.swift */; };
		EBDFE27F1C2B203600A61774 /* ProjectViewCell.swift in Sources */ = {isa = PBXBuildFile; fileRef = EBDFE27E1C2B203600A61774 /* ProjectViewCell.swift */; };
		EBDFE2811C2B226B00A61774 /* DetailViewController.swift in Sources */ = {isa = PBXBuildFile; fileRef = EBDFE2801C2B226B00A61774 /* DetailViewController.swift */; };
/* End PBXBuildFile section */

/* Begin PBXFileReference section */
		ADA246681325DE765C70D171 /* Pods-Gradle-iOS.debug.xcconfig */ = {isa = PBXFileReference; includeInIndex = 1; lastKnownFileType = text.xcconfig; name = "Pods-Gradle-iOS.debug.xcconfig"; path = "Pods/Target Support Files/Pods-Gradle-iOS/Pods-Gradle-iOS.debug.xcconfig"; sourceTree = "<group>"; };
		D7F4EF1A71071BB5564F27E8 /* Pods_Gradle_iOS.framework */ = {isa = PBXFileReference; explicitFileType = wrapper.framework; includeInIndex = 0; path = Pods_Gradle_iOS.framework; sourceTree = BUILT_PRODUCTS_DIR; };
		E587CC40A4A7A462D1C6E574 /* Pods-Gradle-iOS.release.xcconfig */ = {isa = PBXFileReference; includeInIndex = 1; lastKnownFileType = text.xcconfig; name = "Pods-Gradle-iOS.release.xcconfig"; path = "Pods/Target Support Files/Pods-Gradle-iOS/Pods-Gradle-iOS.release.xcconfig"; sourceTree = "<group>"; };
		EB2C3CAA1C2B009F004821AA /* SearchProtocol.swift */ = {isa = PBXFileReference; fileEncoding = 4; lastKnownFileType = sourcecode.swift; path = SearchProtocol.swift; sourceTree = "<group>"; };
		EB301BB21C29A931000A3C42 /* Project.swift */ = {isa = PBXFileReference; fileEncoding = 4; lastKnownFileType = sourcecode.swift; path = Project.swift; sourceTree = "<group>"; };
		EB320E861C289759001F9297 /* SearchService.swift */ = {isa = PBXFileReference; fileEncoding = 4; lastKnownFileType = sourcecode.swift; path = SearchService.swift; sourceTree = "<group>"; };
		EB320E881C28996A001F9297 /* Alamofire.framework */ = {isa = PBXFileReference; lastKnownFileType = wrapper.framework; name = Alamofire.framework; path = "Pods/../build/Debug-iphoneos/Alamofire.framework"; sourceTree = "<group>"; };
		EB320E891C28996A001F9297 /* AlamofireObjectMapper.framework */ = {isa = PBXFileReference; lastKnownFileType = wrapper.framework; name = AlamofireObjectMapper.framework; path = "Pods/../build/Debug-iphoneos/AlamofireObjectMapper.framework"; sourceTree = "<group>"; };
		EB320E8A1C28996A001F9297 /* ObjectMapper.framework */ = {isa = PBXFileReference; lastKnownFileType = wrapper.framework; name = ObjectMapper.framework; path = "Pods/../build/Debug-iphoneos/ObjectMapper.framework"; sourceTree = "<group>"; };
		EB4E9AA21C2F27FB002D5E64 /* AlamofireImage.framework */ = {isa = PBXFileReference; lastKnownFileType = wrapper.framework; name = AlamofireImage.framework; path = "Pods/../build/Debug-iphoneos/AlamofireImage.framework"; sourceTree = "<group>"; };
		EB4E9AA41C2F2CB2002D5E64 /* LNRSimpleNotifications.framework */ = {isa = PBXFileReference; lastKnownFileType = wrapper.framework; name = LNRSimpleNotifications.framework; path = "Pods/../build/Debug-iphoneos/LNRSimpleNotifications.framework"; sourceTree = "<group>"; };
		EB54574B1C281AC300F436C1 /* StringExtension.swift */ = {isa = PBXFileReference; fileEncoding = 4; lastKnownFileType = sourcecode.swift; path = StringExtension.swift; sourceTree = "<group>"; };
		EB9058C81C2779B70018D327 /* Gradle-iOS.app */ = {isa = PBXFileReference; explicitFileType = wrapper.application; includeInIndex = 0; path = "Gradle-iOS.app"; sourceTree = BUILT_PRODUCTS_DIR; };
		EB9058CB1C2779B70018D327 /* AppDelegate.swift */ = {isa = PBXFileReference; lastKnownFileType = sourcecode.swift; path = AppDelegate.swift; sourceTree = "<group>"; };
		EB9058CD1C2779B70018D327 /* MainViewController.swift */ = {isa = PBXFileReference; lastKnownFileType = sourcecode.swift; path = MainViewController.swift; sourceTree = "<group>"; };
		EB9058D21C2779B70018D327 /* Assets.xcassets */ = {isa = PBXFileReference; lastKnownFileType = folder.assetcatalog; path = Assets.xcassets; sourceTree = "<group>"; };
		EB9058D51C2779B70018D327 /* Base */ = {isa = PBXFileReference; lastKnownFileType = file.storyboard; name = Base; path = Base.lproj/LaunchScreen.storyboard; sourceTree = "<group>"; };
		EB9058D71C2779B70018D327 /* Info.plist */ = {isa = PBXFileReference; lastKnownFileType = text.plist.xml; path = Info.plist; sourceTree = "<group>"; };
		EB9058DD1C27870F0018D327 /* PureLayout.framework */ = {isa = PBXFileReference; lastKnownFileType = wrapper.framework; name = PureLayout.framework; path = "Pods/../build/Debug-iphoneos/PureLayout.framework"; sourceTree = "<group>"; };
		EB9058E01C27943B0018D327 /* UIColorExtension.swift */ = {isa = PBXFileReference; fileEncoding = 4; lastKnownFileType = sourcecode.swift; path = UIColorExtension.swift; sourceTree = "<group>"; };
		EB9058E51C27A5330018D327 /* Base */ = {isa = PBXFileReference; lastKnownFileType = text.plist.strings; name = Base; path = Base.lproj/Localizable.strings; sourceTree = "<group>"; };
		EB9058E71C27A5350018D327 /* en */ = {isa = PBXFileReference; lastKnownFileType = text.plist.strings; name = en; path = en.lproj/Localizable.strings; sourceTree = "<group>"; };
		EBBD5B4E1C2AD21100AD9511 /* Bolts.framework */ = {isa = PBXFileReference; lastKnownFileType = wrapper.framework; name = Bolts.framework; path = "Pods/../build/Debug-iphoneos/Bolts.framework"; sourceTree = "<group>"; };
		EBBD5B511C2AD39400AD9511 /* SearchInteractor.swift */ = {isa = PBXFileReference; fileEncoding = 4; lastKnownFileType = sourcecode.swift; path = SearchInteractor.swift; sourceTree = "<group>"; };
		EBDFE27E1C2B203600A61774 /* ProjectViewCell.swift */ = {isa = PBXFileReference; fileEncoding = 4; lastKnownFileType = sourcecode.swift; path = ProjectViewCell.swift; sourceTree = "<group>"; };
		EBDFE2801C2B226B00A61774 /* DetailViewController.swift */ = {isa = PBXFileReference; fileEncoding = 4; lastKnownFileType = sourcecode.swift; path = DetailViewController.swift; sourceTree = "<group>"; };
/* End PBXFileReference section */

/* Begin PBXFrameworksBuildPhase section */
		EB9058C51C2779B70018D327 /* Frameworks */ = {
			isa = PBXFrameworksBuildPhase;
			buildActionMask = 2147483647;
			files = (
				EB4E9AA51C2F2CB2002D5E64 /* LNRSimpleNotifications.framework in Frameworks */,
				EB4E9AA31C2F27FB002D5E64 /* AlamofireImage.framework in Frameworks */,
				EBBD5B4F1C2AD21100AD9511 /* Bolts.framework in Frameworks */,
				EB320E8B1C28996A001F9297 /* Alamofire.framework in Frameworks */,
				EB320E8C1C28996A001F9297 /* AlamofireObjectMapper.framework in Frameworks */,
				EB320E8D1C28996A001F9297 /* ObjectMapper.framework in Frameworks */,
				EB9058DE1C27870F0018D327 /* PureLayout.framework in Frameworks */,
				4F282514BDBEC4FA4D168C42 /* Pods_Gradle_iOS.framework in Frameworks */,
			);
			runOnlyForDeploymentPostprocessing = 0;
		};
/* End PBXFrameworksBuildPhase section */

/* Begin PBXGroup section */
		6D16D671208B800E9F3CED04 /* Frameworks */ = {
			isa = PBXGroup;
			children = (
				EB4E9AA41C2F2CB2002D5E64 /* LNRSimpleNotifications.framework */,
				EB4E9AA21C2F27FB002D5E64 /* AlamofireImage.framework */,
				EBBD5B4E1C2AD21100AD9511 /* Bolts.framework */,
				EB320E881C28996A001F9297 /* Alamofire.framework */,
				EB320E891C28996A001F9297 /* AlamofireObjectMapper.framework */,
				EB320E8A1C28996A001F9297 /* ObjectMapper.framework */,
				EB9058DD1C27870F0018D327 /* PureLayout.framework */,
				D7F4EF1A71071BB5564F27E8 /* Pods_Gradle_iOS.framework */,
			);
			name = Frameworks;
			sourceTree = "<group>";
		};
		E3BA25184967BE2241042F5F /* Pods */ = {
			isa = PBXGroup;
			children = (
				ADA246681325DE765C70D171 /* Pods-Gradle-iOS.debug.xcconfig */,
				E587CC40A4A7A462D1C6E574 /* Pods-Gradle-iOS.release.xcconfig */,
			);
			name = Pods;
			sourceTree = "<group>";
		};
		EB2C3CA91C2B005D004821AA /* Protocol */ = {
			isa = PBXGroup;
			children = (
				EB2C3CAA1C2B009F004821AA /* SearchProtocol.swift */,
			);
			path = Protocol;
			sourceTree = "<group>";
		};
		EB2C3CAC1C2B18F4004821AA /* ViewController */ = {
			isa = PBXGroup;
			children = (
				EB9058CD1C2779B70018D327 /* MainViewController.swift */,
				EBDFE2801C2B226B00A61774 /* DetailViewController.swift */,
			);
			path = ViewController;
			sourceTree = "<group>";
		};
		EB301BB11C29A8D4000A3C42 /* Model */ = {
			isa = PBXGroup;
			children = (
				EB301BB21C29A931000A3C42 /* Project.swift */,
			);
			path = Model;
			sourceTree = "<group>";
		};
		EB320E851C289722001F9297 /* Service */ = {
			isa = PBXGroup;
			children = (
				EB320E861C289759001F9297 /* SearchService.swift */,
			);
			path = Service;
			sourceTree = "<group>";
		};
		EB54574D1C28263F00F436C1 /* ViewCell */ = {
			isa = PBXGroup;
			children = (
				EBDFE27E1C2B203600A61774 /* ProjectViewCell.swift */,
			);
			path = ViewCell;
			sourceTree = "<group>";
		};
		EB9058BF1C2779B70018D327 = {
			isa = PBXGroup;
			children = (
				EB9058E61C27A5330018D327 /* Localizable.strings */,
				EB9058CA1C2779B70018D327 /* Gradle-iOS */,
				EB9058C91C2779B70018D327 /* Products */,
				E3BA25184967BE2241042F5F /* Pods */,
				6D16D671208B800E9F3CED04 /* Frameworks */,
			);
			sourceTree = "<group>";
		};
		EB9058C91C2779B70018D327 /* Products */ = {
			isa = PBXGroup;
			children = (
				EB9058C81C2779B70018D327 /* Gradle-iOS.app */,
			);
			name = Products;
			sourceTree = "<group>";
		};
		EB9058CA1C2779B70018D327 /* Gradle-iOS */ = {
			isa = PBXGroup;
			children = (
				EB2C3CAC1C2B18F4004821AA /* ViewController */,
				EB2C3CA91C2B005D004821AA /* Protocol */,
				EBBD5B501C2AD38900AD9511 /* Interactor */,
				EB301BB11C29A8D4000A3C42 /* Model */,
				EB320E851C289722001F9297 /* Service */,
				EB54574D1C28263F00F436C1 /* ViewCell */,
				EB9058DF1C27943B0018D327 /* Extension */,
				EB9058CB1C2779B70018D327 /* AppDelegate.swift */,
				EB9058D21C2779B70018D327 /* Assets.xcassets */,
				EB9058D41C2779B70018D327 /* LaunchScreen.storyboard */,
				EB9058D71C2779B70018D327 /* Info.plist */,
			);
			path = "Gradle-iOS";
			sourceTree = "<group>";
		};
		EB9058DF1C27943B0018D327 /* Extension */ = {
			isa = PBXGroup;
			children = (
				EB9058E01C27943B0018D327 /* UIColorExtension.swift */,
				EB54574B1C281AC300F436C1 /* StringExtension.swift */,
			);
			path = Extension;
			sourceTree = "<group>";
		};
		EBBD5B501C2AD38900AD9511 /* Interactor */ = {
			isa = PBXGroup;
			children = (
				EBBD5B511C2AD39400AD9511 /* SearchInteractor.swift */,
			);
			path = Interactor;
			sourceTree = "<group>";
		};
/* End PBXGroup section */

/* Begin PBXNativeTarget section */
		EB9058C71C2779B70018D327 /* Gradle-iOS */ = {
			isa = PBXNativeTarget;
			buildConfigurationList = EB9058DA1C2779B70018D327 /* Build configuration list for PBXNativeTarget "Gradle-iOS" */;
			buildPhases = (
				8C0197E01B54FDA18A786439 /* Check Pods Manifest.lock */,
				EB9058C41C2779B70018D327 /* Sources */,
				EB9058C51C2779B70018D327 /* Frameworks */,
				EB9058C61C2779B70018D327 /* Resources */,
				F771D83E2D60A6F1CB2DA07C /* Embed Pods Frameworks */,
				13E9F082AA18C91D7F59A9E1 /* Copy Pods Resources */,
			);
			buildRules = (
			);
			dependencies = (
			);
			name = "Gradle-iOS";
			productName = "Gradle-iOS";
			productReference = EB9058C81C2779B70018D327 /* Gradle-iOS.app */;
			productType = "com.apple.product-type.application";
		};
/* End PBXNativeTarget section */

/* Begin PBXProject section */
		EB9058C01C2779B70018D327 /* Project object */ = {
			isa = PBXProject;
			attributes = {
				LastSwiftUpdateCheck = 0720;
				LastUpgradeCheck = 0720;
				ORGANIZATIONNAME = ppamorim;
				TargetAttributes = {
					EB9058C71C2779B70018D327 = {
						CreatedOnToolsVersion = 7.2;
					};
				};
			};
			buildConfigurationList = EB9058C31C2779B70018D327 /* Build configuration list for PBXProject "Gradle-iOS" */;
			compatibilityVersion = "Xcode 3.2";
			developmentRegion = English;
			hasScannedForEncodings = 0;
			knownRegions = (
				en,
				Base,
			);
			mainGroup = EB9058BF1C2779B70018D327;
			productRefGroup = EB9058C91C2779B70018D327 /* Products */;
			projectDirPath = "";
			projectRoot = "";
			targets = (
				EB9058C71C2779B70018D327 /* Gradle-iOS */,
			);
		};
/* End PBXProject section */

/* Begin PBXResourcesBuildPhase section */
		EB9058C61C2779B70018D327 /* Resources */ = {
			isa = PBXResourcesBuildPhase;
			buildActionMask = 2147483647;
			files = (
				EB9058D61C2779B70018D327 /* LaunchScreen.storyboard in Resources */,
				EB9058E41C27A5330018D327 /* Localizable.strings in Resources */,
				EB9058D31C2779B70018D327 /* Assets.xcassets in Resources */,
			);
			runOnlyForDeploymentPostprocessing = 0;
		};
/* End PBXResourcesBuildPhase section */

/* Begin PBXShellScriptBuildPhase section */
		13E9F082AA18C91D7F59A9E1 /* Copy Pods Resources */ = {
			isa = PBXShellScriptBuildPhase;
			buildActionMask = 2147483647;
			files = (
			);
			inputPaths = (
			);
			name = "Copy Pods Resources";
			outputPaths = (
			);
			runOnlyForDeploymentPostprocessing = 0;
			shellPath = /bin/sh;
			shellScript = "\"${SRCROOT}/Pods/Target Support Files/Pods-Gradle-iOS/Pods-Gradle-iOS-resources.sh\"\n";
			showEnvVarsInLog = 0;
		};
		8C0197E01B54FDA18A786439 /* Check Pods Manifest.lock */ = {
			isa = PBXShellScriptBuildPhase;
			buildActionMask = 2147483647;
			files = (
			);
			inputPaths = (
			);
			name = "Check Pods Manifest.lock";
			outputPaths = (
			);
			runOnlyForDeploymentPostprocessing = 0;
			shellPath = /bin/sh;
			shellScript = "diff \"${PODS_ROOT}/../Podfile.lock\" \"${PODS_ROOT}/Manifest.lock\" > /dev/null\nif [[ $? != 0 ]] ; then\n    cat << EOM\nerror: The sandbox is not in sync with the Podfile.lock. Run 'pod install' or update your CocoaPods installation.\nEOM\n    exit 1\nfi\n";
			showEnvVarsInLog = 0;
		};
		F771D83E2D60A6F1CB2DA07C /* Embed Pods Frameworks */ = {
			isa = PBXShellScriptBuildPhase;
			buildActionMask = 2147483647;
			files = (
			);
			inputPaths = (
			);
			name = "Embed Pods Frameworks";
			outputPaths = (
			);
			runOnlyForDeploymentPostprocessing = 0;
			shellPath = /bin/sh;
			shellScript = "\"${SRCROOT}/Pods/Target Support Files/Pods-Gradle-iOS/Pods-Gradle-iOS-frameworks.sh\"\n";
			showEnvVarsInLog = 0;
		};
/* End PBXShellScriptBuildPhase section */

/* Begin PBXSourcesBuildPhase section */
		EB9058C41C2779B70018D327 /* Sources */ = {
			isa = PBXSourcesBuildPhase;
			buildActionMask = 2147483647;
			files = (
				EBDFE27D1C2B201300A61774 /* MainViewController.swift in Sources */,
				EB54574C1C281AC300F436C1 /* StringExtension.swift in Sources */,
				EBBD5B521C2AD39400AD9511 /* SearchInteractor.swift in Sources */,
				EB9058E11C27943B0018D327 /* UIColorExtension.swift in Sources */,
				EB320E871C289759001F9297 /* SearchService.swift in Sources */,
				EB9058CC1C2779B70018D327 /* AppDelegate.swift in Sources */,
				EBDFE27F1C2B203600A61774 /* ProjectViewCell.swift in Sources */,
				EBDFE2811C2B226B00A61774 /* DetailViewController.swift in Sources */,
				EB301BB31C29A931000A3C42 /* Project.swift in Sources */,
				EB2C3CAB1C2B009F004821AA /* SearchProtocol.swift in Sources */,
			);
			runOnlyForDeploymentPostprocessing = 0;
		};
/* End PBXSourcesBuildPhase section */

/* Begin PBXVariantGroup section */
		EB9058D41C2779B70018D327 /* LaunchScreen.storyboard */ = {
			isa = PBXVariantGroup;
			children = (
				EB9058D51C2779B70018D327 /* Base */,
			);
			name = LaunchScreen.storyboard;
			sourceTree = "<group>";
		};
		EB9058E61C27A5330018D327 /* Localizable.strings */ = {
			isa = PBXVariantGroup;
			children = (
				EB9058E51C27A5330018D327 /* Base */,
				EB9058E71C27A5350018D327 /* en */,
			);
			name = Localizable.strings;
			sourceTree = "<group>";
		};
/* End PBXVariantGroup section */

/* Begin XCBuildConfiguration section */
		EB9058D81C2779B70018D327 /* Debug */ = {
			isa = XCBuildConfiguration;
			buildSettings = {
				ALWAYS_SEARCH_USER_PATHS = NO;
				CLANG_CXX_LANGUAGE_STANDARD = "gnu++0x";
				CLANG_CXX_LIBRARY = "libc++";
				CLANG_ENABLE_MODULES = YES;
				CLANG_ENABLE_OBJC_ARC = YES;
				CLANG_WARN_BOOL_CONVERSION = YES;
				CLANG_WARN_CONSTANT_CONVERSION = YES;
				CLANG_WARN_DIRECT_OBJC_ISA_USAGE = YES_ERROR;
				CLANG_WARN_EMPTY_BODY = YES;
				CLANG_WARN_ENUM_CONVERSION = YES;
				CLANG_WARN_INT_CONVERSION = YES;
				CLANG_WARN_OBJC_ROOT_CLASS = YES_ERROR;
				CLANG_WARN_UNREACHABLE_CODE = YES;
				CLANG_WARN__DUPLICATE_METHOD_MATCH = YES;
				"CODE_SIGN_IDENTITY[sdk=iphoneos*]" = "iPhone Developer";
				COPY_PHASE_STRIP = NO;
				DEBUG_INFORMATION_FORMAT = dwarf;
				ENABLE_STRICT_OBJC_MSGSEND = YES;
				ENABLE_TESTABILITY = YES;
				GCC_C_LANGUAGE_STANDARD = gnu99;
				GCC_DYNAMIC_NO_PIC = NO;
				GCC_NO_COMMON_BLOCKS = YES;
				GCC_OPTIMIZATION_LEVEL = 0;
				GCC_PREPROCESSOR_DEFINITIONS = (
					"DEBUG=1",
					"$(inherited)",
				);
				GCC_WARN_64_TO_32_BIT_CONVERSION = YES;
				GCC_WARN_ABOUT_RETURN_TYPE = YES_ERROR;
				GCC_WARN_UNDECLARED_SELECTOR = YES;
				GCC_WARN_UNINITIALIZED_AUTOS = YES_AGGRESSIVE;
				GCC_WARN_UNUSED_FUNCTION = YES;
				GCC_WARN_UNUSED_VARIABLE = YES;
				IPHONEOS_DEPLOYMENT_TARGET = 9.2;
				MTL_ENABLE_DEBUG_INFO = YES;
				ONLY_ACTIVE_ARCH = YES;
				SDKROOT = iphoneos;
				SWIFT_OPTIMIZATION_LEVEL = "-Onone";
				TARGETED_DEVICE_FAMILY = "1,2";
			};
			name = Debug;
		};
		EB9058D91C2779B70018D327 /* Release */ = {
			isa = XCBuildConfiguration;
			buildSettings = {
				ALWAYS_SEARCH_USER_PATHS = NO;
				CLANG_CXX_LANGUAGE_STANDARD = "gnu++0x";
				CLANG_CXX_LIBRARY = "libc++";
				CLANG_ENABLE_MODULES = YES;
				CLANG_ENABLE_OBJC_ARC = YES;
				CLANG_WARN_BOOL_CONVERSION = YES;
				CLANG_WARN_CONSTANT_CONVERSION = YES;
				CLANG_WARN_DIRECT_OBJC_ISA_USAGE = YES_ERROR;
				CLANG_WARN_EMPTY_BODY = YES;
				CLANG_WARN_ENUM_CONVERSION = YES;
				CLANG_WARN_INT_CONVERSION = YES;
				CLANG_WARN_OBJC_ROOT_CLASS = YES_ERROR;
				CLANG_WARN_UNREACHABLE_CODE = YES;
				CLANG_WARN__DUPLICATE_METHOD_MATCH = YES;
				"CODE_SIGN_IDENTITY[sdk=iphoneos*]" = "iPhone Developer";
				COPY_PHASE_STRIP = NO;
				DEBUG_INFORMATION_FORMAT = "dwarf-with-dsym";
				ENABLE_NS_ASSERTIONS = NO;
				ENABLE_STRICT_OBJC_MSGSEND = YES;
				GCC_C_LANGUAGE_STANDARD = gnu99;
				GCC_NO_COMMON_BLOCKS = YES;
				GCC_WARN_64_TO_32_BIT_CONVERSION = YES;
				GCC_WARN_ABOUT_RETURN_TYPE = YES_ERROR;
				GCC_WARN_UNDECLARED_SELECTOR = YES;
				GCC_WARN_UNINITIALIZED_AUTOS = YES_AGGRESSIVE;
				GCC_WARN_UNUSED_FUNCTION = YES;
				GCC_WARN_UNUSED_VARIABLE = YES;
				IPHONEOS_DEPLOYMENT_TARGET = 9.2;
				MTL_ENABLE_DEBUG_INFO = NO;
				SDKROOT = iphoneos;
				TARGETED_DEVICE_FAMILY = "1,2";
				VALIDATE_PRODUCT = YES;
			};
			name = Release;
		};
		EB9058DB1C2779B70018D327 /* Debug */ = {
			isa = XCBuildConfiguration;
			baseConfigurationReference = ADA246681325DE765C70D171 /* Pods-Gradle-iOS.debug.xcconfig */;
			buildSettings = {
				ASSETCATALOG_COMPILER_APPICON_NAME = AppIcon;
				FRAMEWORK_SEARCH_PATHS = (
					"$(inherited)",
					"$(PROJECT_DIR)/build/Debug-iphoneos",
				);
				INFOPLIST_FILE = "Gradle-iOS/Info.plist";
				LD_RUNPATH_SEARCH_PATHS = "$(inherited) @executable_path/Frameworks";
				PRODUCT_BUNDLE_IDENTIFIER = "com.Gradle-iOS";
				PRODUCT_NAME = "$(TARGET_NAME)";
			};
			name = Debug;
		};
		EB9058DC1C2779B70018D327 /* Release */ = {
			isa = XCBuildConfiguration;
			baseConfigurationReference = E587CC40A4A7A462D1C6E574 /* Pods-Gradle-iOS.release.xcconfig */;
			buildSettings = {
				ASSETCATALOG_COMPILER_APPICON_NAME = AppIcon;
				FRAMEWORK_SEARCH_PATHS = (
					"$(inherited)",
					"$(PROJECT_DIR)/build/Debug-iphoneos",
				);
				INFOPLIST_FILE = "Gradle-iOS/Info.plist";
				LD_RUNPATH_SEARCH_PATHS = "$(inherited) @executable_path/Frameworks";
				PRODUCT_BUNDLE_IDENTIFIER = "com.Gradle-iOS";
				PRODUCT_NAME = "$(TARGET_NAME)";
			};
			name = Release;
		};
/* End XCBuildConfiguration section */

/* Begin XCConfigurationList section */
		EB9058C31C2779B70018D327 /* Build configuration list for PBXProject "Gradle-iOS" */ = {
			isa = XCConfigurationList;
			buildConfigurations = (
				EB9058D81C2779B70018D327 /* Debug */,
				EB9058D91C2779B70018D327 /* Release */,
			);
			defaultConfigurationIsVisible = 0;
			defaultConfigurationName = Release;
		};
		EB9058DA1C2779B70018D327 /* Build configuration list for PBXNativeTarget "Gradle-iOS" */ = {
			isa = XCConfigurationList;
			buildConfigurations = (
				EB9058DB1C2779B70018D327 /* Debug */,
				EB9058DC1C2779B70018D327 /* Release */,
			);
			defaultConfigurationIsVisible = 0;
			defaultConfigurationName = Release;
		};
/* End XCConfigurationList section */
	};
	rootObject = EB9058C01C2779B70018D327 /* Project object */;
}
